
Microsoft Visual Studio Solution File, Format Version 12.00
# Visual Studio Version 17
VisualStudioVersion = 17.0.32126.317
MinimumVisualStudioVersion = 10.0.40219.1
Project("{FAE04EC0-301F-11D3-BF4B-00C04F79EFBC}") = "BooksAPI", "BooksAPI.csproj", "{65360567-8930-4F71-9F73-AFDFAB785B28}"
EndProject
Global
	GlobalSection(SolutionConfigurationPlatforms) = preSolution
		Debug|Any CPU = Debug|Any CPU
		Release|Any CPU = Release|Any CPU
	EndGlobalSection
	GlobalSection(ProjectConfigurationPlatforms) = postSolution
		{65360567-8930-4F71-9F73-AFDFAB785B28}.Debug|Any CPU.ActiveCfg = Debug|Any CPU
		{65360567-8930-4F71-9F73-AFDFAB785B28}.Debug|Any CPU.Build.0 = Debug|Any CPU
		{65360567-8930-4F71-9F73-AFDFAB785B28}.Release|Any CPU.ActiveCfg = Release|Any CPU
		{65360567-8930-4F71-9F73-AFDFAB785B28}.Release|Any CPU.Build.0 = Release|Any CPU
	EndGlobalSection
	GlobalSection(SolutionProperties) = preSolution
		HideSolutionNode = FALSE
	EndGlobalSection
	GlobalSection(ExtensibilityGlobals) = postSolution
		SolutionGuid = {F5A3BF4C-3007-4032-A81F-8B676924D04B}
	EndGlobalSection
EndGlobal
